PODS:
  - Kingfisher (7.12.0)
  - ObjectMapper (4.2.0)
  - Socket.IO-Client-Swift (16.1.1):
    - Starscream (~> 4.0.8)
  - Starscream (4.0.8)
  - Wormholy (1.6.1)

DEPENDENCIES:
  - Kingfisher (= 7.12.0)
  - ObjectMapper (= 4.2.0)
  - Socket.IO-Client-Swift (= 16.1.1)
  - Wormholy (= 1.6.1)

SPEC REPOS:
  trunk:
    - Kingfisher
    - ObjectMapper
    - Socket.IO-Client-Swift
    - Starscream
    - Wormholy

SPEC CHECKSUMS:
  Kingfisher: 53a10ea35051a436b5fb626ca2dd8f3144d755e9
  ObjectMapper: 1eb41f610210777375fa806bf161dc39fb832b81
  Socket.IO-Client-Swift: 3614bea82ba005df1c2ff01154f4004993e05ad7
  Starscream: 19b5533ddb925208db698f0ac508a100b884a1b9
  Wormholy: 0fd599c7efb09bb96af8cdfbe81a716932caf67e

PODFILE CHECKSUM: 80a43ca53df43e39141356917140d70e4da3e9e9

COCOAPODS: 1.16.2
